
Microsoft Visual Studio Solution File, Format Version 12.00
# Visual Studio Version 17
VisualStudioVersion = 17.11.35312.102
MinimumVisualStudioVersion = 10.0.40219.1
Project("{FAE04EC0-301F-11D3-BF4B-00C04F79EFBC}") = "drzewa", "drzewa.csproj", "{209BDADA-2C00-414B-A7E9-E4154F1ABDB4}"
EndProject
Global
	GlobalSection(SolutionConfigurationPlatforms) = preSolution
		Debug|Any CPU = Debug|Any CPU
		Release|Any CPU = Release|Any CPU
	EndGlobalSection
	GlobalSection(ProjectConfigurationPlatforms) = postSolution
		{209BDADA-2C00-414B-A7E9-E4154F1ABDB4}.Debug|Any CPU.ActiveCfg = Debug|Any CPU
		{209BDADA-2C00-414B-A7E9-E4154F1ABDB4}.Debug|Any CPU.Build.0 = Debug|Any CPU
		{209BDADA-2C00-414B-A7E9-E4154F1ABDB4}.Release|Any CPU.ActiveCfg = Release|Any CPU
		{209BDADA-2C00-414B-A7E9-E4154F1ABDB4}.Release|Any CPU.Build.0 = Release|Any CPU
	EndGlobalSection
	GlobalSection(SolutionProperties) = preSolution
		HideSolutionNode = FALSE
	EndGlobalSection
	GlobalSection(ExtensibilityGlobals) = postSolution
		SolutionGuid = {5A1A7A6F-ADF1-4EB0-BDDE-47B688C50D94}
	EndGlobalSection
EndGlobal
